
Microsoft Visual Studio Solution File, Format Version 12.00
# Visual Studio Version 17
VisualStudioVersion = 17.9.34607.119
MinimumVisualStudioVersion = 10.0.40219.1
Project("{FAE04EC0-301F-11D3-BF4B-00C04F79EFBC}") = "Mission11_Klepacz", "Mission11_Klepacz\Mission11_Klepacz.csproj", "{B2944114-82D7-409C-B13C-8D94507496B6}"
EndProject
Global
	GlobalSection(SolutionConfigurationPlatforms) = preSolution
		Debug|Any CPU = Debug|Any CPU
		Release|Any CPU = Release|Any CPU
	EndGlobalSection
	GlobalSection(ProjectConfigurationPlatforms) = postSolution
		{B2944114-82D7-409C-B13C-8D94507496B6}.Debug|Any CPU.ActiveCfg = Debug|Any CPU
		{B2944114-82D7-409C-B13C-8D94507496B6}.Debug|Any CPU.Build.0 = Debug|Any CPU
		{B2944114-82D7-409C-B13C-8D94507496B6}.Release|Any CPU.ActiveCfg = Release|Any CPU
		{B2944114-82D7-409C-B13C-8D94507496B6}.Release|Any CPU.Build.0 = Release|Any CPU
	EndGlobalSection
	GlobalSection(SolutionProperties) = preSolution
		HideSolutionNode = FALSE
	EndGlobalSection
	GlobalSection(ExtensibilityGlobals) = postSolution
		SolutionGuid = {D8F101AC-989D-4FB7-85BB-0EA0BA4384BC}
	EndGlobalSection
EndGlobal
